// !$*UTF8*$!
{
	archiveVersion = 1;
	classes = {
	};
	objectVersion = 46;
	objects = {

/* Begin PBXBuildFile section */
		11A838421769655500707BEA /* UIKit.framework in Frameworks */ = {isa = PBXBuildFile; fileRef = 11A838411769655500707BEA /* UIKit.framework */; };
		11A838441769655500707BEA /* Foundation.framework in Frameworks */ = {isa = PBXBuildFile; fileRef = 11A838431769655500707BEA /* Foundation.framework */; };
		11A838461769655500707BEA /* CoreGraphics.framework in Frameworks */ = {isa = PBXBuildFile; fileRef = 11A838451769655500707BEA /* CoreGraphics.framework */; };
		11A8384C1769655500707BEA /* InfoPlist.strings in Resources */ = {isa = PBXBuildFile; fileRef = 11A8384A1769655500707BEA /* InfoPlist.strings */; };
		11A8384E1769655500707BEA /* main.m in Sources */ = {isa = PBXBuildFile; fileRef = 11A8384D1769655500707BEA /* main.m */; };
		11A838521769655500707BEA /* AppDelegate.m in Sources */ = {isa = PBXBuildFile; fileRef = 11A838511769655500707BEA /* AppDelegate.m */; };
		11A838541769655500707BEA /* Default.png in Resources */ = {isa = PBXBuildFile; fileRef = 11A838531769655500707BEA /* Default.png */; };
		11A838561769655500707BEA /* Default@2x.png in Resources */ = {isa = PBXBuildFile; fileRef = 11A838551769655500707BEA /* Default@2x.png */; };
		11A838581769655500707BEA /* Default-568h@2x.png in Resources */ = {isa = PBXBuildFile; fileRef = 11A838571769655500707BEA /* Default-568h@2x.png */; };
		11A8385B1769655500707BEA /* ViewController.m in Sources */ = {isa = PBXBuildFile; fileRef = 11A8385A1769655500707BEA /* ViewController.m */; };
		11A8385E1769655500707BEA /* ViewController.xib in Resources */ = {isa = PBXBuildFile; fileRef = 11A8385C1769655500707BEA /* ViewController.xib */; };
		11A83865176968F100707BEA /* ImageCapture.png in Resources */ = {isa = PBXBuildFile; fileRef = 11A83864176968F100707BEA /* ImageCapture.png */; };
		11A838671769717400707BEA /* photoAlbum.png in Resources */ = {isa = PBXBuildFile; fileRef = 11A838661769717300707BEA /* photoAlbum.png */; };
		11A838691769735C00707BEA /* videoRecord.png in Resources */ = {isa = PBXBuildFile; fileRef = 11A838681769735C00707BEA /* videoRecord.png */; };
		11A8386C176A03F800707BEA /* PhotoCaptureViewController.m in Sources */ = {isa = PBXBuildFile; fileRef = 11A8386B176A03F800707BEA /* PhotoCaptureViewController.m */; };
		11A8386E176A041000707BEA /* PhotoCaptureView.xib in Resources */ = {isa = PBXBuildFile; fileRef = 11A8386D176A041000707BEA /* PhotoCaptureView.xib */; };
		11D526F21770DBB8009998EE /* MobileCoreServices.framework in Frameworks */ = {isa = PBXBuildFile; fileRef = 11D526F11770DBB8009998EE /* MobileCoreServices.framework */; };
		11D526F517723567009998EE /* VideoCaptureViewController.m in Sources */ = {isa = PBXBuildFile; fileRef = 11D526F417723567009998EE /* VideoCaptureViewController.m */; };
		11D526F71772357D009998EE /* VideoCaptureView.xib in Resources */ = {isa = PBXBuildFile; fileRef = 11D526F61772357D009998EE /* VideoCaptureView.xib */; };
		11D526FA1772A963009998EE /* PhotoAlbumViewController.m in Sources */ = {isa = PBXBuildFile; fileRef = 11D526F91772A962009998EE /* PhotoAlbumViewController.m */; };
		11D526FC1772A981009998EE /* PhotoAlbumView.xib in Resources */ = {isa = PBXBuildFile; fileRef = 11D526FB1772A981009998EE /* PhotoAlbumView.xib */; };
/* End PBXBuildFile section */

/* Begin PBXFileReference section */
		11A8383E1769655500707BEA /* Week3MDF2.app */ = {isa = PBXFileReference; explicitFileType = wrapper.application; includeInIndex = 0; path = Week3MDF2.app; sourceTree = BUILT_PRODUCTS_DIR; };
		11A838411769655500707BEA /* UIKit.framework */ = {isa = PBXFileReference; lastKnownFileType = wrapper.framework; name = UIKit.framework; path = System/Library/Frameworks/UIKit.framework; sourceTree = SDKROOT; };
		11A838431769655500707BEA /* Foundation.framework */ = {isa = PBXFileReference; lastKnownFileType = wrapper.framework; name = Foundation.framework; path = System/Library/Frameworks/Foundation.framework; sourceTree = SDKROOT; };
		11A838451769655500707BEA /* CoreGraphics.framework */ = {isa = PBXFileReference; lastKnownFileType = wrapper.framework; name = CoreGraphics.framework; path = System/Library/Frameworks/CoreGraphics.framework; sourceTree = SDKROOT; };
		11A838491769655500707BEA /* Week3MDF2-Info.plist */ = {isa = PBXFileReference; lastKnownFileType = text.plist.xml; path = "Week3MDF2-Info.plist"; sourceTree = "<group>"; };
		11A8384B1769655500707BEA /* en */ = {isa = PBXFileReference; lastKnownFileType = text.plist.strings; name = en; path = en.lproj/InfoPlist.strings; sourceTree = "<group>"; };
		11A8384D1769655500707BEA /* main.m */ = {isa = PBXFileReference; lastKnownFileType = sourcecode.c.objc; path = main.m; sourceTree = "<group>"; };
		11A8384F1769655500707BEA /* Week3MDF2-Prefix.pch */ = {isa = PBXFileReference; lastKnownFileType = sourcecode.c.h; path = "Week3MDF2-Prefix.pch"; sourceTree = "<group>"; };
		11A838501769655500707BEA /* AppDelegate.h */ = {isa = PBXFileReference; lastKnownFileType = sourcecode.c.h; path = AppDelegate.h; sourceTree = "<group>"; };
		11A838511769655500707BEA /* AppDelegate.m */ = {isa = PBXFileReference; lastKnownFileType = sourcecode.c.objc; path = AppDelegate.m; sourceTree = "<group>"; };
		11A838531769655500707BEA /* Default.png */ = {isa = PBXFileReference; lastKnownFileType = image.png; path = Default.png; sourceTree = "<group>"; };
		11A838551769655500707BEA /* Default@2x.png */ = {isa = PBXFileReference; lastKnownFileType = image.png; path = "Default@2x.png"; sourceTree = "<group>"; };
		11A838571769655500707BEA /* Default-568h@2x.png */ = {isa = PBXFileReference; lastKnownFileType = image.png; path = "Default-568h@2x.png"; sourceTree = "<group>"; };
		11A838591769655500707BEA /* ViewController.h */ = {isa = PBXFileReference; lastKnownFileType = sourcecode.c.h; path = ViewController.h; sourceTree = "<group>"; };
		11A8385A1769655500707BEA /* ViewController.m */ = {isa = PBXFileReference; lastKnownFileType = sourcecode.c.objc; path = ViewController.m; sourceTree = "<group>"; };
		11A8385D1769655500707BEA /* en */ = {isa = PBXFileReference; lastKnownFileType = file.xib; name = en; path = en.lproj/ViewController.xib; sourceTree = "<group>"; };
		11A83864176968F100707BEA /* ImageCapture.png */ = {isa = PBXFileReference; lastKnownFileType = image.png; path = ImageCapture.png; sourceTree = "<group>"; };
		11A838661769717300707BEA /* photoAlbum.png */ = {isa = PBXFileReference; lastKnownFileType = image.png; path = photoAlbum.png; sourceTree = "<group>"; };
		11A838681769735C00707BEA /* videoRecord.png */ = {isa = PBXFileReference; lastKnownFileType = image.png; path = videoRecord.png; sourceTree = "<group>"; };
		11A8386A176A03F800707BEA /* PhotoCaptureViewController.h */ = {isa = PBXFileReference; fileEncoding = 4; lastKnownFileType = sourcecode.c.h; path = PhotoCaptureViewController.h; sourceTree = "<group>"; };
		11A8386B176A03F800707BEA /* PhotoCaptureViewController.m */ = {isa = PBXFileReference; fileEncoding = 4; lastKnownFileType = sourcecode.c.objc; path = PhotoCaptureViewController.m; sourceTree = "<group>"; };
		11A8386D176A041000707BEA /* PhotoCaptureView.xib */ = {isa = PBXFileReference; fileEncoding = 4; lastKnownFileType = file.xib; path = PhotoCaptureView.xib; sourceTree = "<group>"; };
		11D526F11770DBB8009998EE /* MobileCoreServices.framework */ = {isa = PBXFileReference; lastKnownFileType = wrapper.framework; name = MobileCoreServices.framework; path = System/Library/Frameworks/MobileCoreServices.framework; sourceTree = SDKROOT; };
		11D526F317723567009998EE /* VideoCaptureViewController.h */ = {isa = PBXFileReference; fileEncoding = 4; lastKnownFileType = sourcecode.c.h; path = VideoCaptureViewController.h; sourceTree = "<group>"; };
		11D526F417723567009998EE /* VideoCaptureViewController.m */ = {isa = PBXFileReference; fileEncoding = 4; lastKnownFileType = sourcecode.c.objc; path = VideoCaptureViewController.m; sourceTree = "<group>"; };
		11D526F61772357D009998EE /* VideoCaptureView.xib */ = {isa = PBXFileReference; fileEncoding = 4; lastKnownFileType = file.xib; path = VideoCaptureView.xib; sourceTree = "<group>"; };
		11D526F81772A962009998EE /* PhotoAlbumViewController.h */ = {isa = PBXFileReference; fileEncoding = 4; lastKnownFileType = sourcecode.c.h; path = PhotoAlbumViewController.h; sourceTree = "<group>"; };
		11D526F91772A962009998EE /* PhotoAlbumViewController.m */ = {isa = PBXFileReference; fileEncoding = 4; lastKnownFileType = sourcecode.c.objc; path = PhotoAlbumViewController.m; sourceTree = "<group>"; };
		11D526FB1772A981009998EE /* PhotoAlbumView.xib */ = {isa = PBXFileReference; fileEncoding = 4; lastKnownFileType = file.xib; path = PhotoAlbumView.xib; sourceTree = "<group>"; };
/* End PBXFileReference section */

/* Begin PBXFrameworksBuildPhase section */
		11A8383B1769655500707BEA /* Frameworks */ = {
			isa = PBXFrameworksBuildPhase;
			buildActionMask = 2147483647;
			files = (
				11D526F21770DBB8009998EE /* MobileCoreServices.framework in Frameworks */,
				11A838421769655500707BEA /* UIKit.framework in Frameworks */,
				11A838441769655500707BEA /* Foundation.framework in Frameworks */,
				11A838461769655500707BEA /* CoreGraphics.framework in Frameworks */,
			);
			runOnlyForDeploymentPostprocessing = 0;
		};
/* End PBXFrameworksBuildPhase section */

/* Begin PBXGroup section */
		11A838351769655500707BEA = {
			isa = PBXGroup;
			children = (
				11A838471769655500707BEA /* Week3MDF2 */,
				11A838401769655500707BEA /* Frameworks */,
				11A8383F1769655500707BEA /* Products */,
			);
			sourceTree = "<group>";
		};
		11A8383F1769655500707BEA /* Products */ = {
			isa = PBXGroup;
			children = (
				11A8383E1769655500707BEA /* Week3MDF2.app */,
			);
			name = Products;
			sourceTree = "<group>";
		};
		11A838401769655500707BEA /* Frameworks */ = {
			isa = PBXGroup;
			children = (
				11D526F11770DBB8009998EE /* MobileCoreServices.framework */,
				11A838411769655500707BEA /* UIKit.framework */,
				11A838431769655500707BEA /* Foundation.framework */,
				11A838451769655500707BEA /* CoreGraphics.framework */,
			);
			name = Frameworks;
			sourceTree = "<group>";
		};
		11A838471769655500707BEA /* Week3MDF2 */ = {
			isa = PBXGroup;
			children = (
				11A838681769735C00707BEA /* videoRecord.png */,
				11A838661769717300707BEA /* photoAlbum.png */,
				11A83864176968F100707BEA /* ImageCapture.png */,
				11A838501769655500707BEA /* AppDelegate.h */,
				11A838511769655500707BEA /* AppDelegate.m */,
				11A838591769655500707BEA /* ViewController.h */,
				11A8385A1769655500707BEA /* ViewController.m */,
				11A8385C1769655500707BEA /* ViewController.xib */,
				11A838481769655500707BEA /* Supporting Files */,
				11A8386A176A03F800707BEA /* PhotoCaptureViewController.h */,
				11A8386B176A03F800707BEA /* PhotoCaptureViewController.m */,
				11A8386D176A041000707BEA /* PhotoCaptureView.xib */,
				11D526F317723567009998EE /* VideoCaptureViewController.h */,
				11D526F417723567009998EE /* VideoCaptureViewController.m */,
				11D526F61772357D009998EE /* VideoCaptureView.xib */,
				11D526F81772A962009998EE /* PhotoAlbumViewController.h */,
				11D526F91772A962009998EE /* PhotoAlbumViewController.m */,
				11D526FB1772A981009998EE /* PhotoAlbumView.xib */,
			);
			path = Week3MDF2;
			sourceTree = "<group>";
		};
		11A838481769655500707BEA /* Supporting Files */ = {
			isa = PBXGroup;
			children = (
				11A838491769655500707BEA /* Week3MDF2-Info.plist */,
				11A8384A1769655500707BEA /* InfoPlist.strings */,
				11A8384D1769655500707BEA /* main.m */,
				11A8384F1769655500707BEA /* Week3MDF2-Prefix.pch */,
				11A838531769655500707BEA /* Default.png */,
				11A838551769655500707BEA /* Default@2x.png */,
				11A838571769655500707BEA /* Default-568h@2x.png */,
			);
			name = "Supporting Files";
			sourceTree = "<group>";
		};
/* End PBXGroup section */

/* Begin PBXNativeTarget section */
		11A8383D1769655500707BEA /* Week3MDF2 */ = {
			isa = PBXNativeTarget;
			buildConfigurationList = 11A838611769655500707BEA /* Build configuration list for PBXNativeTarget "Week3MDF2" */;
			buildPhases = (
				11A8383A1769655500707BEA /* Sources */,
				11A8383B1769655500707BEA /* Frameworks */,
				11A8383C1769655500707BEA /* Resources */,
			);
			buildRules = (
			);
			dependencies = (
			);
			name = Week3MDF2;
			productName = Week3MDF2;
			productReference = 11A8383E1769655500707BEA /* Week3MDF2.app */;
			productType = "com.apple.product-type.application";
		};
/* End PBXNativeTarget section */

/* Begin PBXProject section */
		11A838361769655500707BEA /* Project object */ = {
			isa = PBXProject;
			attributes = {
				LastUpgradeCheck = 0460;
				ORGANIZATIONNAME = "Cameron Mozie";
			};
			buildConfigurationList = 11A838391769655500707BEA /* Build configuration list for PBXProject "Week3MDF2" */;
			compatibilityVersion = "Xcode 3.2";
			developmentRegion = English;
			hasScannedForEncodings = 0;
			knownRegions = (
				en,
			);
			mainGroup = 11A838351769655500707BEA;
			productRefGroup = 11A8383F1769655500707BEA /* Products */;
			projectDirPath = "";
			projectRoot = "";
			targets = (
				11A8383D1769655500707BEA /* Week3MDF2 */,
			);
		};
/* End PBXProject section */

/* Begin PBXResourcesBuildPhase section */
		11A8383C1769655500707BEA /* Resources */ = {
			isa = PBXResourcesBuildPhase;
			buildActionMask = 2147483647;
			files = (
				11A8384C1769655500707BEA /* InfoPlist.strings in Resources */,
				11A838541769655500707BEA /* Default.png in Resources */,
				11A838561769655500707BEA /* Default@2x.png in Resources */,
				11A838581769655500707BEA /* Default-568h@2x.png in Resources */,
				11A8385E1769655500707BEA /* ViewController.xib in Resources */,
				11A83865176968F100707BEA /* ImageCapture.png in Resources */,
				11A838671769717400707BEA /* photoAlbum.png in Resources */,
				11A838691769735C00707BEA /* videoRecord.png in Resources */,
				11A8386E176A041000707BEA /* PhotoCaptureView.xib in Resources */,
				11D526F71772357D009998EE /* VideoCaptureView.xib in Resources */,
				11D526FC1772A981009998EE /* PhotoAlbumView.xib in Resources */,
			);
			runOnlyForDeploymentPostprocessing = 0;
		};
/* End PBXResourcesBuildPhase section */

/* Begin PBXSourcesBuildPhase section */
		11A8383A1769655500707BEA /* Sources */ = {
			isa = PBXSourcesBuildPhase;
			buildActionMask = 2147483647;
			files = (
				11A8384E1769655500707BEA /* main.m in Sources */,
				11A838521769655500707BEA /* AppDelegate.m in Sources */,
				11A8385B1769655500707BEA /* ViewController.m in Sources */,
				11A8386C176A03F800707BEA /* PhotoCaptureViewController.m in Sources */,
				11D526F517723567009998EE /* VideoCaptureViewController.m in Sources */,
				11D526FA1772A963009998EE /* PhotoAlbumViewController.m in Sources */,
			);
			runOnlyForDeploymentPostprocessing = 0;
		};
/* End PBXSourcesBuildPhase section */

/* Begin PBXVariantGroup section */
		11A8384A1769655500707BEA /* InfoPlist.strings */ = {
			isa = PBXVariantGroup;
			children = (
				11A8384B1769655500707BEA /* en */,
			);
			name = InfoPlist.strings;
			sourceTree = "<group>";
		};
		11A8385C1769655500707BEA /* ViewController.xib */ = {
			isa = PBXVariantGroup;
			children = (
				11A8385D1769655500707BEA /* en */,
			);
			name = ViewController.xib;
			sourceTree = "<group>";
		};
/* End PBXVariantGroup section */

/* Begin XCBuildConfiguration section */
		11A8385F1769655500707BEA /* Debug */ = {
			isa = XCBuildConfiguration;
			buildSettings = {
				ALWAYS_SEARCH_USER_PATHS = NO;
				CLANG_CXX_LANGUAGE_STANDARD = "gnu++0x";
				CLANG_CXX_LIBRARY = "libc++";
				CLANG_ENABLE_OBJC_ARC = YES;
				CLANG_WARN_CONSTANT_CONVERSION = YES;
				CLANG_WARN_EMPTY_BODY = YES;
				CLANG_WARN_ENUM_CONVERSION = YES;
				CLANG_WARN_INT_CONVERSION = YES;
				CLANG_WARN__DUPLICATE_METHOD_MATCH = YES;
				"CODE_SIGN_IDENTITY[sdk=iphoneos*]" = "iPhone Developer";
				COPY_PHASE_STRIP = NO;
				GCC_C_LANGUAGE_STANDARD = gnu99;
				GCC_DYNAMIC_NO_PIC = NO;
				GCC_OPTIMIZATION_LEVEL = 0;
				GCC_PREPROCESSOR_DEFINITIONS = (
					"DEBUG=1",
					"$(inherited)",
				);
				GCC_SYMBOLS_PRIVATE_EXTERN = NO;
				GCC_WARN_ABOUT_RETURN_TYPE = YES;
				GCC_WARN_UNINITIALIZED_AUTOS = YES;
				GCC_WARN_UNUSED_VARIABLE = YES;
				IPHONEOS_DEPLOYMENT_TARGET = 6.1;
				ONLY_ACTIVE_ARCH = YES;
				SDKROOT = iphoneos;
			};
			name = Debug;
		};
		11A838601769655500707BEA /* Release */ = {
			isa = XCBuildConfiguration;
			buildSettings = {
				ALWAYS_SEARCH_USER_PATHS = NO;
				CLANG_CXX_LANGUAGE_STANDARD = "gnu++0x";
				CLANG_CXX_LIBRARY = "libc++";
				CLANG_ENABLE_OBJC_ARC = YES;
				CLANG_WARN_CONSTANT_CONVERSION = YES;
				CLANG_WARN_EMPTY_BODY = YES;
				CLANG_WARN_ENUM_CONVERSION = YES;
				CLANG_WARN_INT_CONVERSION = YES;
				CLANG_WARN__DUPLICATE_METHOD_MATCH = YES;
				"CODE_SIGN_IDENTITY[sdk=iphoneos*]" = "iPhone Developer";
				COPY_PHASE_STRIP = YES;
				GCC_C_LANGUAGE_STANDARD = gnu99;
				GCC_WARN_ABOUT_RETURN_TYPE = YES;
				GCC_WARN_UNINITIALIZED_AUTOS = YES;
				GCC_WARN_UNUSED_VARIABLE = YES;
				IPHONEOS_DEPLOYMENT_TARGET = 6.1;
				OTHER_CFLAGS = "-DNS_BLOCK_ASSERTIONS=1";
				SDKROOT = iphoneos;
				VALIDATE_PRODUCT = YES;
			};
			name = Release;
		};
		11A838621769655500707BEA /* Debug */ = {
			isa = XCBuildConfiguration;
			buildSettings = {
				GCC_PRECOMPILE_PREFIX_HEADER = YES;
				GCC_PREFIX_HEADER = "Week3MDF2/Week3MDF2-Prefix.pch";
				INFOPLIST_FILE = "Week3MDF2/Week3MDF2-Info.plist";
				PRODUCT_NAME = "$(TARGET_NAME)";
				WRAPPER_EXTENSION = app;
			};
			name = Debug;
		};
		11A838631769655500707BEA /* Release */ = {
			isa = XCBuildConfiguration;
			buildSettings = {
				GCC_PRECOMPILE_PREFIX_HEADER = YES;
				GCC_PREFIX_HEADER = "Week3MDF2/Week3MDF2-Prefix.pch";
				INFOPLIST_FILE = "Week3MDF2/Week3MDF2-Info.plist";
				PRODUCT_NAME = "$(TARGET_NAME)";
				WRAPPER_EXTENSION = app;
			};
			name = Release;
		};
/* End XCBuildConfiguration section */

/* Begin XCConfigurationList section */
		11A838391769655500707BEA /* Build configuration list for PBXProject "Week3MDF2" */ = {
			isa = XCConfigurationList;
			buildConfigurations = (
				11A8385F1769655500707BEA /* Debug */,
				11A838601769655500707BEA /* Release */,
			);
			defaultConfigurationIsVisible = 0;
			defaultConfigurationName = Release;
		};
		11A838611769655500707BEA /* Build configuration list for PBXNativeTarget "Week3MDF2" */ = {
			isa = XCConfigurationList;
			buildConfigurations = (
				11A838621769655500707BEA /* Debug */,
				11A838631769655500707BEA /* Release */,
			);
			defaultConfigurationIsVisible = 0;
			defaultConfigurationName = Release;
		};
/* End XCConfigurationList section */
	};
	rootObject = 11A838361769655500707BEA /* Project object */;
}
